
Microsoft Visual Studio Solution File, Format Version 12.00
# Visual Studio Version 16
VisualStudioVersion = 16.0.32002.261
MinimumVisualStudioVersion = 10.0.40219.1
Project("{FAE04EC0-301F-11D3-BF4B-00C04F79EFBC}") = "EDVC1J_HFT_2022232.Client", "EDVC1J_HFT_2022232.Client\EDVC1J_HFT_2022232.Client.csproj", "{7681D236-6DCF-45AC-AEC7-4EA14CCDBDE1}"
EndProject
Project("{FAE04EC0-301F-11D3-BF4B-00C04F79EFBC}") = "EDVC1J_HFT_2022232.Models", "EDVC1J_HFT_2022232.Models\EDVC1J_HFT_2022232.Models.csproj", "{851409BB-954F-4E05-9ACC-FBDC3643BB23}"
EndProject
Project("{FAE04EC0-301F-11D3-BF4B-00C04F79EFBC}") = "EDVC1J_HFT_2022232.Logic", "EDVC1J_HFT_2022232.Logic\EDVC1J_HFT_2022232.Logic.csproj", "{08EAC960-DD2E-47DA-A9D5-E115F817DD1F}"
EndProject
Project("{FAE04EC0-301F-11D3-BF4B-00C04F79EFBC}") = "EDVC1J_HFT_2022232.Repository", "EDVC1J_HFT_2022232.Repository\EDVC1J_HFT_2022232.Repository.csproj", "{6EC71C9E-7F2C-417F-930B-5A913BE1A4E7}"
EndProject
Project("{FAE04EC0-301F-11D3-BF4B-00C04F79EFBC}") = "EDVC1J_HFT_2022232.Data", "EDVC1J_HFT_2022232.Data\EDVC1J_HFT_2022232.Data.csproj", "{A3A8259E-56E8-456C-B686-409C9EC6FBBB}"
EndProject
Project("{2150E333-8FDC-42A3-9474-1A3956D46DE8}") = "Others", "Others", "{243405A0-013D-44FD-8913-D3AA9FCE5452}"
	ProjectSection(SolutionItems) = preProject
		.gitignore = .gitignore
	EndProjectSection
EndProject
Project("{2150E333-8FDC-42A3-9474-1A3956D46DE8}") = "Backend", "Backend", "{E72C60FA-7854-4163-BC92-CF1D35E60DED}"
EndProject
Project("{2150E333-8FDC-42A3-9474-1A3956D46DE8}") = "Frontend", "Frontend", "{624C83B8-258F-4873-95A0-133A47A55C2F}"
EndProject
Project("{2150E333-8FDC-42A3-9474-1A3956D46DE8}") = "Shared", "Shared", "{CDD21F1F-3CA1-454D-8CB0-110FADE824BF}"
EndProject
Project("{FAE04EC0-301F-11D3-BF4B-00C04F79EFBC}") = "EDVC1J_HFT_2022232.Test", "EDVC1J_HFT_2022232.Test\EDVC1J_HFT_2022232.Test.csproj", "{5EE9F070-FA50-4DDB-B695-6041B6335C93}"
EndProject
Project("{FAE04EC0-301F-11D3-BF4B-00C04F79EFBC}") = "EDVC1J_HFT_2022232.Endpoint", "EDVC1J_HFT_2022232.Endpoint\EDVC1J_HFT_2022232.Endpoint.csproj", "{E65A2A73-89EF-41DF-AD89-65D45C7E7C03}"
EndProject
Global
	GlobalSection(SolutionConfigurationPlatforms) = preSolution
		Debug|Any CPU = Debug|Any CPU
		Release|Any CPU = Release|Any CPU
	EndGlobalSection
	GlobalSection(ProjectConfigurationPlatforms) = postSolution
		{7681D236-6DCF-45AC-AEC7-4EA14CCDBDE1}.Debug|Any CPU.ActiveCfg = Debug|Any CPU
		{7681D236-6DCF-45AC-AEC7-4EA14CCDBDE1}.Debug|Any CPU.Build.0 = Debug|Any CPU
		{7681D236-6DCF-45AC-AEC7-4EA14CCDBDE1}.Release|Any CPU.ActiveCfg = Release|Any CPU
		{7681D236-6DCF-45AC-AEC7-4EA14CCDBDE1}.Release|Any CPU.Build.0 = Release|Any CPU
		{851409BB-954F-4E05-9ACC-FBDC3643BB23}.Debug|Any CPU.ActiveCfg = Debug|Any CPU
		{851409BB-954F-4E05-9ACC-FBDC3643BB23}.Debug|Any CPU.Build.0 = Debug|Any CPU
		{851409BB-954F-4E05-9ACC-FBDC3643BB23}.Release|Any CPU.ActiveCfg = Release|Any CPU
		{851409BB-954F-4E05-9ACC-FBDC3643BB23}.Release|Any CPU.Build.0 = Release|Any CPU
		{08EAC960-DD2E-47DA-A9D5-E115F817DD1F}.Debug|Any CPU.ActiveCfg = Debug|Any CPU
		{08EAC960-DD2E-47DA-A9D5-E115F817DD1F}.Debug|Any CPU.Build.0 = Debug|Any CPU
		{08EAC960-DD2E-47DA-A9D5-E115F817DD1F}.Release|Any CPU.ActiveCfg = Release|Any CPU
		{08EAC960-DD2E-47DA-A9D5-E115F817DD1F}.Release|Any CPU.Build.0 = Release|Any CPU
		{6EC71C9E-7F2C-417F-930B-5A913BE1A4E7}.Debug|Any CPU.ActiveCfg = Debug|Any CPU
		{6EC71C9E-7F2C-417F-930B-5A913BE1A4E7}.Debug|Any CPU.Build.0 = Debug|Any CPU
		{6EC71C9E-7F2C-417F-930B-5A913BE1A4E7}.Release|Any CPU.ActiveCfg = Release|Any CPU
		{6EC71C9E-7F2C-417F-930B-5A913BE1A4E7}.Release|Any CPU.Build.0 = Release|Any CPU
		{A3A8259E-56E8-456C-B686-409C9EC6FBBB}.Debug|Any CPU.ActiveCfg = Debug|Any CPU
		{A3A8259E-56E8-456C-B686-409C9EC6FBBB}.Debug|Any CPU.Build.0 = Debug|Any CPU
		{A3A8259E-56E8-456C-B686-409C9EC6FBBB}.Release|Any CPU.ActiveCfg = Release|Any CPU
		{A3A8259E-56E8-456C-B686-409C9EC6FBBB}.Release|Any CPU.Build.0 = Release|Any CPU
		{5EE9F070-FA50-4DDB-B695-6041B6335C93}.Debug|Any CPU.ActiveCfg = Debug|Any CPU
		{5EE9F070-FA50-4DDB-B695-6041B6335C93}.Debug|Any CPU.Build.0 = Debug|Any CPU
		{5EE9F070-FA50-4DDB-B695-6041B6335C93}.Release|Any CPU.ActiveCfg = Release|Any CPU
		{5EE9F070-FA50-4DDB-B695-6041B6335C93}.Release|Any CPU.Build.0 = Release|Any CPU
		{E65A2A73-89EF-41DF-AD89-65D45C7E7C03}.Debug|Any CPU.ActiveCfg = Debug|Any CPU
		{E65A2A73-89EF-41DF-AD89-65D45C7E7C03}.Debug|Any CPU.Build.0 = Debug|Any CPU
		{E65A2A73-89EF-41DF-AD89-65D45C7E7C03}.Release|Any CPU.ActiveCfg = Release|Any CPU
		{E65A2A73-89EF-41DF-AD89-65D45C7E7C03}.Release|Any CPU.Build.0 = Release|Any CPU
	EndGlobalSection
	GlobalSection(SolutionProperties) = preSolution
		HideSolutionNode = FALSE
	EndGlobalSection
	GlobalSection(NestedProjects) = preSolution
		{7681D236-6DCF-45AC-AEC7-4EA14CCDBDE1} = {624C83B8-258F-4873-95A0-133A47A55C2F}
		{851409BB-954F-4E05-9ACC-FBDC3643BB23} = {CDD21F1F-3CA1-454D-8CB0-110FADE824BF}
		{08EAC960-DD2E-47DA-A9D5-E115F817DD1F} = {E72C60FA-7854-4163-BC92-CF1D35E60DED}
		{6EC71C9E-7F2C-417F-930B-5A913BE1A4E7} = {E72C60FA-7854-4163-BC92-CF1D35E60DED}
		{A3A8259E-56E8-456C-B686-409C9EC6FBBB} = {E72C60FA-7854-4163-BC92-CF1D35E60DED}
		{5EE9F070-FA50-4DDB-B695-6041B6335C93} = {E72C60FA-7854-4163-BC92-CF1D35E60DED}
		{E65A2A73-89EF-41DF-AD89-65D45C7E7C03} = {E72C60FA-7854-4163-BC92-CF1D35E60DED}
	EndGlobalSection
	GlobalSection(ExtensibilityGlobals) = postSolution
		SolutionGuid = {34952E2A-E922-484E-90FA-D7B7B8F61E83}
	EndGlobalSection
EndGlobal
